
Microsoft Visual Studio Solution File, Format Version 12.00
# Visual Studio Version 17
VisualStudioVersion = 17.9.34728.123
MinimumVisualStudioVersion = 10.0.40219.1
Project("{9A19103F-16F7-4668-BE54-9A1E7A4F7556}") = "Altium.ExternalSorting.FileGenerator", "Altium.ExternalSorting.FileGenerator\Altium.ExternalSorting.FileGenerator.csproj", "{F6BA5333-D847-4E09-8FC9-7734C011DC95}"
EndProject
Project("{9A19103F-16F7-4668-BE54-9A1E7A4F7556}") = "Altium.ExternalSorting.Sorter", "Altium.ExternalSorting.Sorter\Altium.ExternalSorting.Sorter.csproj", "{B27C81BC-07FA-464A-89D1-E9CDD12AFB3D}"
EndProject
Project("{9A19103F-16F7-4668-BE54-9A1E7A4F7556}") = "Altium.ExternalSorting.Sorter.Tests", "Altium.ExternalSorting.Sorter.Tests\Altium.ExternalSorting.Sorter.Tests.csproj", "{591DA8A5-99F9-4C4D-A20A-9F42E18290C7}"
EndProject
Project("{9A19103F-16F7-4668-BE54-9A1E7A4F7556}") = "Altium.ExternalSorting.FileGenerator.Tests", "Altium.ExternalSorting.FileGenerator.Tests\Altium.ExternalSorting.FileGenerator.Tests.csproj", "{4E5A61D7-A1F3-4E63-8999-D3D430C178CA}"
EndProject
Project("{9A19103F-16F7-4668-BE54-9A1E7A4F7556}") = "Altium.ExternalSorting.Runner", "Altium.ExternalSorting.Runner\Altium.ExternalSorting.Runner.csproj", "{FA209294-69C5-43D1-8431-CF140B105DA0}"
EndProject
Project("{2150E333-8FDC-42A3-9474-1A3956D46DE8}") = "Tests", "Tests", "{399E3C0E-FEDC-45D4-B1EA-00A2F44FB114}"
EndProject
Global
	GlobalSection(SolutionConfigurationPlatforms) = preSolution
		Debug|Any CPU = Debug|Any CPU
		Release|Any CPU = Release|Any CPU
	EndGlobalSection
	GlobalSection(ProjectConfigurationPlatforms) = postSolution
		{F6BA5333-D847-4E09-8FC9-7734C011DC95}.Debug|Any CPU.ActiveCfg = Debug|Any CPU
		{F6BA5333-D847-4E09-8FC9-7734C011DC95}.Debug|Any CPU.Build.0 = Debug|Any CPU
		{F6BA5333-D847-4E09-8FC9-7734C011DC95}.Release|Any CPU.ActiveCfg = Release|Any CPU
		{F6BA5333-D847-4E09-8FC9-7734C011DC95}.Release|Any CPU.Build.0 = Release|Any CPU
		{B27C81BC-07FA-464A-89D1-E9CDD12AFB3D}.Debug|Any CPU.ActiveCfg = Debug|Any CPU
		{B27C81BC-07FA-464A-89D1-E9CDD12AFB3D}.Debug|Any CPU.Build.0 = Debug|Any CPU
		{B27C81BC-07FA-464A-89D1-E9CDD12AFB3D}.Release|Any CPU.ActiveCfg = Release|Any CPU
		{B27C81BC-07FA-464A-89D1-E9CDD12AFB3D}.Release|Any CPU.Build.0 = Release|Any CPU
		{591DA8A5-99F9-4C4D-A20A-9F42E18290C7}.Debug|Any CPU.ActiveCfg = Debug|Any CPU
		{591DA8A5-99F9-4C4D-A20A-9F42E18290C7}.Debug|Any CPU.Build.0 = Debug|Any CPU
		{591DA8A5-99F9-4C4D-A20A-9F42E18290C7}.Release|Any CPU.ActiveCfg = Release|Any CPU
		{591DA8A5-99F9-4C4D-A20A-9F42E18290C7}.Release|Any CPU.Build.0 = Release|Any CPU
		{4E5A61D7-A1F3-4E63-8999-D3D430C178CA}.Debug|Any CPU.ActiveCfg = Debug|Any CPU
		{4E5A61D7-A1F3-4E63-8999-D3D430C178CA}.Debug|Any CPU.Build.0 = Debug|Any CPU
		{4E5A61D7-A1F3-4E63-8999-D3D430C178CA}.Release|Any CPU.ActiveCfg = Release|Any CPU
		{4E5A61D7-A1F3-4E63-8999-D3D430C178CA}.Release|Any CPU.Build.0 = Release|Any CPU
		{FA209294-69C5-43D1-8431-CF140B105DA0}.Debug|Any CPU.ActiveCfg = Debug|Any CPU
		{FA209294-69C5-43D1-8431-CF140B105DA0}.Debug|Any CPU.Build.0 = Debug|Any CPU
		{FA209294-69C5-43D1-8431-CF140B105DA0}.Release|Any CPU.ActiveCfg = Release|Any CPU
		{FA209294-69C5-43D1-8431-CF140B105DA0}.Release|Any CPU.Build.0 = Release|Any CPU
	EndGlobalSection
	GlobalSection(SolutionProperties) = preSolution
		HideSolutionNode = FALSE
	EndGlobalSection
	GlobalSection(NestedProjects) = preSolution
		{591DA8A5-99F9-4C4D-A20A-9F42E18290C7} = {399E3C0E-FEDC-45D4-B1EA-00A2F44FB114}
		{4E5A61D7-A1F3-4E63-8999-D3D430C178CA} = {399E3C0E-FEDC-45D4-B1EA-00A2F44FB114}
	EndGlobalSection
	GlobalSection(ExtensibilityGlobals) = postSolution
		SolutionGuid = {D118A5CA-6029-4BB6-B1EF-FDA9E8984F18}
	EndGlobalSection
EndGlobal
